
Microsoft Visual Studio Solution File, Format Version 12.00
# Visual Studio Version 17
VisualStudioVersion = 17.2.32526.322
MinimumVisualStudioVersion = 10.0.40219.1
Project("{FAE04EC0-301F-11D3-BF4B-00C04F79EFBC}") = "ReflectionDemo", "ReflectionDemo\ReflectionDemo.csproj", "{D83C799C-45A3-47BF-B4FF-15EE5C644055}"
EndProject
Global
	GlobalSection(SolutionConfigurationPlatforms) = preSolution
		Debug|Any CPU = Debug|Any CPU
		Release|Any CPU = Release|Any CPU
	EndGlobalSection
	GlobalSection(ProjectConfigurationPlatforms) = postSolution
		{D83C799C-45A3-47BF-B4FF-15EE5C644055}.Debug|Any CPU.ActiveCfg = Debug|Any CPU
		{D83C799C-45A3-47BF-B4FF-15EE5C644055}.Debug|Any CPU.Build.0 = Debug|Any CPU
		{D83C799C-45A3-47BF-B4FF-15EE5C644055}.Release|Any CPU.ActiveCfg = Release|Any CPU
		{D83C799C-45A3-47BF-B4FF-15EE5C644055}.Release|Any CPU.Build.0 = Release|Any CPU
	EndGlobalSection
	GlobalSection(SolutionProperties) = preSolution
		HideSolutionNode = FALSE
	EndGlobalSection
	GlobalSection(ExtensibilityGlobals) = postSolution
		SolutionGuid = {97820575-109E-442E-8E9B-7B24130429B4}
	EndGlobalSection
EndGlobal
